// !$*UTF8*$!
{
	archiveVersion = 1;
	classes = {
	};
	objectVersion = 56;
	objects = {

/* Begin PBXBuildFile section */
		BC43053F2BD784DF00D43AB1 /* InstructionsViewController.swift in Sources */ = {isa = PBXBuildFile; fileRef = BC43053E2BD784DF00D43AB1 /* InstructionsViewController.swift */; };
		BC4305412BD78BA800D43AB1 /* UserAppearance.swift in Sources */ = {isa = PBXBuildFile; fileRef = BC4305402BD78BA800D43AB1 /* UserAppearance.swift */; };
		BCFE1C2B2BCFB5EB00B81941 /* AppDelegate.swift in Sources */ = {isa = PBXBuildFile; fileRef = BCFE1C2A2BCFB5EB00B81941 /* AppDelegate.swift */; };
		BCFE1C2D2BCFB5EB00B81941 /* SceneDelegate.swift in Sources */ = {isa = PBXBuildFile; fileRef = BCFE1C2C2BCFB5EB00B81941 /* SceneDelegate.swift */; };
		BCFE1C2F2BCFB5EB00B81941 /* WelcomeViewController.swift in Sources */ = {isa = PBXBuildFile; fileRef = BCFE1C2E2BCFB5EB00B81941 /* WelcomeViewController.swift */; };
		BCFE1C322BCFB5EB00B81941 /* Base in Resources */ = {isa = PBXBuildFile; fileRef = BCFE1C312BCFB5EB00B81941 /* Base */; };
		BCFE1C342BCFB5F000B81941 /* Assets.xcassets in Resources */ = {isa = PBXBuildFile; fileRef = BCFE1C332BCFB5F000B81941 /* Assets.xcassets */; };
		BCFE1C372BCFB5F000B81941 /* Base in Resources */ = {isa = PBXBuildFile; fileRef = BCFE1C362BCFB5F000B81941 /* Base */; };
/* End PBXBuildFile section */

/* Begin PBXFileReference section */
		BC43053E2BD784DF00D43AB1 /* InstructionsViewController.swift */ = {isa = PBXFileReference; lastKnownFileType = sourcecode.swift; path = InstructionsViewController.swift; sourceTree = "<group>"; };
		BC4305402BD78BA800D43AB1 /* UserAppearance.swift */ = {isa = PBXFileReference; lastKnownFileType = sourcecode.swift; path = UserAppearance.swift; sourceTree = "<group>"; };
		BCFE1C272BCFB5EB00B81941 /* SeasonalStyler.app */ = {isa = PBXFileReference; explicitFileType = wrapper.application; includeInIndex = 0; path = SeasonalStyler.app; sourceTree = BUILT_PRODUCTS_DIR; };
		BCFE1C2A2BCFB5EB00B81941 /* AppDelegate.swift */ = {isa = PBXFileReference; lastKnownFileType = sourcecode.swift; path = AppDelegate.swift; sourceTree = "<group>"; };
		BCFE1C2C2BCFB5EB00B81941 /* SceneDelegate.swift */ = {isa = PBXFileReference; lastKnownFileType = sourcecode.swift; path = SceneDelegate.swift; sourceTree = "<group>"; };
		BCFE1C2E2BCFB5EB00B81941 /* WelcomeViewController.swift */ = {isa = PBXFileReference; lastKnownFileType = sourcecode.swift; path = WelcomeViewController.swift; sourceTree = "<group>"; };
		BCFE1C312BCFB5EB00B81941 /* Base */ = {isa = PBXFileReference; lastKnownFileType = file.storyboard; name = Base; path = Base.lproj/Main.storyboard; sourceTree = "<group>"; };
		BCFE1C332BCFB5F000B81941 /* Assets.xcassets */ = {isa = PBXFileReference; lastKnownFileType = folder.assetcatalog; path = Assets.xcassets; sourceTree = "<group>"; };
		BCFE1C362BCFB5F000B81941 /* Base */ = {isa = PBXFileReference; lastKnownFileType = file.storyboard; name = Base; path = Base.lproj/LaunchScreen.storyboard; sourceTree = "<group>"; };
		BCFE1C382BCFB5F000B81941 /* Info.plist */ = {isa = PBXFileReference; lastKnownFileType = text.plist.xml; path = Info.plist; sourceTree = "<group>"; };
/* End PBXFileReference section */

/* Begin PBXFrameworksBuildPhase section */
		BCFE1C242BCFB5EB00B81941 /* Frameworks */ = {
			isa = PBXFrameworksBuildPhase;
			buildActionMask = 2147483647;
			files = (
			);
			runOnlyForDeploymentPostprocessing = 0;
		};
/* End PBXFrameworksBuildPhase section */

/* Begin PBXGroup section */
		BCFE1C1E2BCFB5EB00B81941 = {
			isa = PBXGroup;
			children = (
				BCFE1C292BCFB5EB00B81941 /* SeasonalStyler */,
				BCFE1C282BCFB5EB00B81941 /* Products */,
			);
			sourceTree = "<group>";
		};
		BCFE1C282BCFB5EB00B81941 /* Products */ = {
			isa = PBXGroup;
			children = (
				BCFE1C272BCFB5EB00B81941 /* SeasonalStyler.app */,
			);
			name = Products;
			sourceTree = "<group>";
		};
		BCFE1C292BCFB5EB00B81941 /* SeasonalStyler */ = {
			isa = PBXGroup;
			children = (
				BCFE1C2A2BCFB5EB00B81941 /* AppDelegate.swift */,
				BCFE1C2C2BCFB5EB00B81941 /* SceneDelegate.swift */,
				BCFE1C2E2BCFB5EB00B81941 /* WelcomeViewController.swift */,
				BC43053E2BD784DF00D43AB1 /* InstructionsViewController.swift */,
				BCFE1C302BCFB5EB00B81941 /* Main.storyboard */,
				BC4305402BD78BA800D43AB1 /* UserAppearance.swift */,
				BCFE1C332BCFB5F000B81941 /* Assets.xcassets */,
				BCFE1C352BCFB5F000B81941 /* LaunchScreen.storyboard */,
				BCFE1C382BCFB5F000B81941 /* Info.plist */,
			);
			path = SeasonalStyler;
			sourceTree = "<group>";
		};
/* End PBXGroup section */

/* Begin PBXNativeTarget section */
		BCFE1C262BCFB5EB00B81941 /* SeasonalStyler */ = {
			isa = PBXNativeTarget;
			buildConfigurationList = BCFE1C3B2BCFB5F000B81941 /* Build configuration list for PBXNativeTarget "SeasonalStyler" */;
			buildPhases = (
				BCFE1C232BCFB5EB00B81941 /* Sources */,
				BCFE1C242BCFB5EB00B81941 /* Frameworks */,
				BCFE1C252BCFB5EB00B81941 /* Resources */,
			);
			buildRules = (
			);
			dependencies = (
			);
			name = SeasonalStyler;
			productName = SeasonalStyler;
			productReference = BCFE1C272BCFB5EB00B81941 /* SeasonalStyler.app */;
			productType = "com.apple.product-type.application";
		};
/* End PBXNativeTarget section */

/* Begin PBXProject section */
		BCFE1C1F2BCFB5EB00B81941 /* Project object */ = {
			isa = PBXProject;
			attributes = {
				BuildIndependentTargetsInParallel = 1;
				LastSwiftUpdateCheck = 1530;
				LastUpgradeCheck = 1530;
				TargetAttributes = {
					BCFE1C262BCFB5EB00B81941 = {
						CreatedOnToolsVersion = 15.3;
					};
				};
			};
			buildConfigurationList = BCFE1C222BCFB5EB00B81941 /* Build configuration list for PBXProject "SeasonalStyler" */;
			compatibilityVersion = "Xcode 14.0";
			developmentRegion = en;
			hasScannedForEncodings = 0;
			knownRegions = (
				en,
				Base,
			);
			mainGroup = BCFE1C1E2BCFB5EB00B81941;
			productRefGroup = BCFE1C282BCFB5EB00B81941 /* Products */;
			projectDirPath = "";
			projectRoot = "";
			targets = (
				BCFE1C262BCFB5EB00B81941 /* SeasonalStyler */,
			);
		};
/* End PBXProject section */

/* Begin PBXResourcesBuildPhase section */
		BCFE1C252BCFB5EB00B81941 /* Resources */ = {
			isa = PBXResourcesBuildPhase;
			buildActionMask = 2147483647;
			files = (
				BCFE1C342BCFB5F000B81941 /* Assets.xcassets in Resources */,
				BCFE1C372BCFB5F000B81941 /* Base in Resources */,
				BCFE1C322BCFB5EB00B81941 /* Base in Resources */,
			);
			runOnlyForDeploymentPostprocessing = 0;
		};
/* End PBXResourcesBuildPhase section */

/* Begin PBXSourcesBuildPhase section */
		BCFE1C232BCFB5EB00B81941 /* Sources */ = {
			isa = PBXSourcesBuildPhase;
			buildActionMask = 2147483647;
			files = (
				BCFE1C2F2BCFB5EB00B81941 /* WelcomeViewController.swift in Sources */,
				BCFE1C2B2BCFB5EB00B81941 /* AppDelegate.swift in Sources */,
				BC43053F2BD784DF00D43AB1 /* InstructionsViewController.swift in Sources */,
				BC4305412BD78BA800D43AB1 /* UserAppearance.swift in Sources */,
				BCFE1C2D2BCFB5EB00B81941 /* SceneDelegate.swift in Sources */,
			);
			runOnlyForDeploymentPostprocessing = 0;
		};
/* End PBXSourcesBuildPhase section */

/* Begin PBXVariantGroup section */
		BCFE1C302BCFB5EB00B81941 /* Main.storyboard */ = {
			isa = PBXVariantGroup;
			children = (
				BCFE1C312BCFB5EB00B81941 /* Base */,
			);
			name = Main.storyboard;
			sourceTree = "<group>";
		};
		BCFE1C352BCFB5F000B81941 /* LaunchScreen.storyboard */ = {
			isa = PBXVariantGroup;
			children = (
				BCFE1C362BCFB5F000B81941 /* Base */,
			);
			name = LaunchScreen.storyboard;
			sourceTree = "<group>";
		};
/* End PBXVariantGroup section */

/* Begin XCBuildConfiguration section */
		BCFE1C392BCFB5F000B81941 /* Debug */ = {
			isa = XCBuildConfiguration;
			buildSettings = {
				ALWAYS_SEARCH_USER_PATHS = NO;
				ASSETCATALOG_COMPILER_GENERATE_SWIFT_ASSET_SYMBOL_EXTENSIONS = YES;
				CLANG_ANALYZER_NONNULL = YES;
				CLANG_ANALYZER_NUMBER_OBJECT_CONVERSION = YES_AGGRESSIVE;
				CLANG_CXX_LANGUAGE_STANDARD = "gnu++20";
				CLANG_ENABLE_MODULES = YES;
				CLANG_ENABLE_OBJC_ARC = YES;
				CLANG_ENABLE_OBJC_WEAK = YES;
				CLANG_WARN_BLOCK_CAPTURE_AUTORELEASING = YES;
				CLANG_WARN_BOOL_CONVERSION = YES;
				CLANG_WARN_COMMA = YES;
				CLANG_WARN_CONSTANT_CONVERSION = YES;
				CLANG_WARN_DEPRECATED_OBJC_IMPLEMENTATIONS = YES;
				CLANG_WARN_DIRECT_OBJC_ISA_USAGE = YES_ERROR;
				CLANG_WARN_DOCUMENTATION_COMMENTS = YES;
				CLANG_WARN_EMPTY_BODY = YES;
				CLANG_WARN_ENUM_CONVERSION = YES;
				CLANG_WARN_INFINITE_RECURSION = YES;
				CLANG_WARN_INT_CONVERSION = YES;
				CLANG_WARN_NON_LITERAL_NULL_CONVERSION = YES;
				CLANG_WARN_OBJC_IMPLICIT_RETAIN_SELF = YES;
				CLANG_WARN_OBJC_LITERAL_CONVERSION = YES;
				CLANG_WARN_OBJC_ROOT_CLASS = YES_ERROR;
				CLANG_WARN_QUOTED_INCLUDE_IN_FRAMEWORK_HEADER = YES;
				CLANG_WARN_RANGE_LOOP_ANALYSIS = YES;
				CLANG_WARN_STRICT_PROTOTYPES = YES;
				CLANG_WARN_SUSPICIOUS_MOVE = YES;
				CLANG_WARN_UNGUARDED_AVAILABILITY = YES_AGGRESSIVE;
				CLANG_WARN_UNREACHABLE_CODE = YES;
				CLANG_WARN__DUPLICATE_METHOD_MATCH = YES;
				COPY_PHASE_STRIP = NO;
				DEBUG_INFORMATION_FORMAT = dwarf;
				ENABLE_STRICT_OBJC_MSGSEND = YES;
				ENABLE_TESTABILITY = YES;
				ENABLE_USER_SCRIPT_SANDBOXING = YES;
				GCC_C_LANGUAGE_STANDARD = gnu17;
				GCC_DYNAMIC_NO_PIC = NO;
				GCC_NO_COMMON_BLOCKS = YES;
				GCC_OPTIMIZATION_LEVEL = 0;
				GCC_PREPROCESSOR_DEFINITIONS = (
					"DEBUG=1",
					"$(inherited)",
				);
				GCC_WARN_64_TO_32_BIT_CONVERSION = YES;
				GCC_WARN_ABOUT_RETURN_TYPE = YES_ERROR;
				GCC_WARN_UNDECLARED_SELECTOR = YES;
				GCC_WARN_UNINITIALIZED_AUTOS = YES_AGGRESSIVE;
				GCC_WARN_UNUSED_FUNCTION = YES;
				GCC_WARN_UNUSED_VARIABLE = YES;
				IPHONEOS_DEPLOYMENT_TARGET = 17.4;
				LOCALIZATION_PREFERS_STRING_CATALOGS = YES;
				MTL_ENABLE_DEBUG_INFO = INCLUDE_SOURCE;
				MTL_FAST_MATH = YES;
				ONLY_ACTIVE_ARCH = YES;
				SDKROOT = iphoneos;
				SWIFT_ACTIVE_COMPILATION_CONDITIONS = "DEBUG $(inherited)";
				SWIFT_OPTIMIZATION_LEVEL = "-Onone";
			};
			name = Debug;
		};
		BCFE1C3A2BCFB5F000B81941 /* Release */ = {
			isa = XCBuildConfiguration;
			buildSettings = {
				ALWAYS_SEARCH_USER_PATHS = NO;
				ASSETCATALOG_COMPILER_GENERATE_SWIFT_ASSET_SYMBOL_EXTENSIONS = YES;
				CLANG_ANALYZER_NONNULL = YES;
				CLANG_ANALYZER_NUMBER_OBJECT_CONVERSION = YES_AGGRESSIVE;
				CLANG_CXX_LANGUAGE_STANDARD = "gnu++20";
				CLANG_ENABLE_MODULES = YES;
				CLANG_ENABLE_OBJC_ARC = YES;
				CLANG_ENABLE_OBJC_WEAK = YES;
				CLANG_WARN_BLOCK_CAPTURE_AUTORELEASING = YES;
				CLANG_WARN_BOOL_CONVERSION = YES;
				CLANG_WARN_COMMA = YES;
				CLANG_WARN_CONSTANT_CONVERSION = YES;
				CLANG_WARN_DEPRECATED_OBJC_IMPLEMENTATIONS = YES;
				CLANG_WARN_DIRECT_OBJC_ISA_USAGE = YES_ERROR;
				CLANG_WARN_DOCUMENTATION_COMMENTS = YES;
				CLANG_WARN_EMPTY_BODY = YES;
				CLANG_WARN_ENUM_CONVERSION = YES;
				CLANG_WARN_INFINITE_RECURSION = YES;
				CLANG_WARN_INT_CONVERSION = YES;
				CLANG_WARN_NON_LITERAL_NULL_CONVERSION = YES;
				CLANG_WARN_OBJC_IMPLICIT_RETAIN_SELF = YES;
				CLANG_WARN_OBJC_LITERAL_CONVERSION = YES;
				CLANG_WARN_OBJC_ROOT_CLASS = YES_ERROR;
				CLANG_WARN_QUOTED_INCLUDE_IN_FRAMEWORK_HEADER = YES;
				CLANG_WARN_RANGE_LOOP_ANALYSIS = YES;
				CLANG_WARN_STRICT_PROTOTYPES = YES;
				CLANG_WARN_SUSPICIOUS_MOVE = YES;
				CLANG_WARN_UNGUARDED_AVAILABILITY = YES_AGGRESSIVE;
				CLANG_WARN_UNREACHABLE_CODE = YES;
				CLANG_WARN__DUPLICATE_METHOD_MATCH = YES;
				COPY_PHASE_STRIP = NO;
				DEBUG_INFORMATION_FORMAT = "dwarf-with-dsym";
				ENABLE_NS_ASSERTIONS = NO;
				ENABLE_STRICT_OBJC_MSGSEND = YES;
				ENABLE_USER_SCRIPT_SANDBOXING = YES;
				GCC_C_LANGUAGE_STANDARD = gnu17;
				GCC_NO_COMMON_BLOCKS = YES;
				GCC_WARN_64_TO_32_BIT_CONVERSION = YES;
				GCC_WARN_ABOUT_RETURN_TYPE = YES_ERROR;
				GCC_WARN_UNDECLARED_SELECTOR = YES;
				GCC_WARN_UNINITIALIZED_AUTOS = YES_AGGRESSIVE;
				GCC_WARN_UNUSED_FUNCTION = YES;
				GCC_WARN_UNUSED_VARIABLE = YES;
				IPHONEOS_DEPLOYMENT_TARGET = 17.4;
				LOCALIZATION_PREFERS_STRING_CATALOGS = YES;
				MTL_ENABLE_DEBUG_INFO = NO;
				MTL_FAST_MATH = YES;
				SDKROOT = iphoneos;
				SWIFT_COMPILATION_MODE = wholemodule;
				VALIDATE_PRODUCT = YES;
			};
			name = Release;
		};
		BCFE1C3C2BCFB5F000B81941 /* Debug */ = {
			isa = XCBuildConfiguration;
			buildSettings = {
				ASSETCATALOG_COMPILER_APPICON_NAME = AppIcon;
				ASSETCATALOG_COMPILER_GLOBAL_ACCENT_COLOR_NAME = AccentColor;
				CODE_SIGN_STYLE = Automatic;
				CURRENT_PROJECT_VERSION = 1;
				GENERATE_INFOPLIST_FILE = YES;
				INFOPLIST_FILE = SeasonalStyler/Info.plist;
				INFOPLIST_KEY_UIApplicationSupportsIndirectInputEvents = YES;
				INFOPLIST_KEY_UILaunchStoryboardName = LaunchScreen;
				INFOPLIST_KEY_UIMainStoryboardFile = Main;
				INFOPLIST_KEY_UISupportedInterfaceOrientations_iPad = "UIInterfaceOrientationPortrait UIInterfaceOrientationPortraitUpsideDown UIInterfaceOrientationLandscapeLeft UIInterfaceOrientationLandscapeRight";
				INFOPLIST_KEY_UISupportedInterfaceOrientations_iPhone = "UIInterfaceOrientationPortrait UIInterfaceOrientationLandscapeLeft UIInterfaceOrientationLandscapeRight";
				LD_RUNPATH_SEARCH_PATHS = (
					"$(inherited)",
					"@executable_path/Frameworks",
				);
				MARKETING_VERSION = 1.0;
				PRODUCT_BUNDLE_IDENTIFIER = com.kodingkio.SeasonalStyler;
				PRODUCT_NAME = "$(TARGET_NAME)";
				SWIFT_EMIT_LOC_STRINGS = YES;
				SWIFT_VERSION = 5.0;
				TARGETED_DEVICE_FAMILY = "1,2";
			};
			name = Debug;
		};
		BCFE1C3D2BCFB5F000B81941 /* Release */ = {
			isa = XCBuildConfiguration;
			buildSettings = {
				ASSETCATALOG_COMPILER_APPICON_NAME = AppIcon;
				ASSETCATALOG_COMPILER_GLOBAL_ACCENT_COLOR_NAME = AccentColor;
				CODE_SIGN_STYLE = Automatic;
				CURRENT_PROJECT_VERSION = 1;
				GENERATE_INFOPLIST_FILE = YES;
				INFOPLIST_FILE = SeasonalStyler/Info.plist;
				INFOPLIST_KEY_UIApplicationSupportsIndirectInputEvents = YES;
				INFOPLIST_KEY_UILaunchStoryboardName = LaunchScreen;
				INFOPLIST_KEY_UIMainStoryboardFile = Main;
				INFOPLIST_KEY_UISupportedInterfaceOrientations_iPad = "UIInterfaceOrientationPortrait UIInterfaceOrientationPortraitUpsideDown UIInterfaceOrientationLandscapeLeft UIInterfaceOrientationLandscapeRight";
				INFOPLIST_KEY_UISupportedInterfaceOrientations_iPhone = "UIInterfaceOrientationPortrait UIInterfaceOrientationLandscapeLeft UIInterfaceOrientationLandscapeRight";
				LD_RUNPATH_SEARCH_PATHS = (
					"$(inherited)",
					"@executable_path/Frameworks",
				);
				MARKETING_VERSION = 1.0;
				PRODUCT_BUNDLE_IDENTIFIER = com.kodingkio.SeasonalStyler;
				PRODUCT_NAME = "$(TARGET_NAME)";
				SWIFT_EMIT_LOC_STRINGS = YES;
				SWIFT_VERSION = 5.0;
				TARGETED_DEVICE_FAMILY = "1,2";
			};
			name = Release;
		};
/* End XCBuildConfiguration section */

/* Begin XCConfigurationList section */
		BCFE1C222BCFB5EB00B81941 /* Build configuration list for PBXProject "SeasonalStyler" */ = {
			isa = XCConfigurationList;
			buildConfigurations = (
				BCFE1C392BCFB5F000B81941 /* Debug */,
				BCFE1C3A2BCFB5F000B81941 /* Release */,
			);
			defaultConfigurationIsVisible = 0;
			defaultConfigurationName = Release;
		};
		BCFE1C3B2BCFB5F000B81941 /* Build configuration list for PBXNativeTarget "SeasonalStyler" */ = {
			isa = XCConfigurationList;
			buildConfigurations = (
				BCFE1C3C2BCFB5F000B81941 /* Debug */,
				BCFE1C3D2BCFB5F000B81941 /* Release */,
			);
			defaultConfigurationIsVisible = 0;
			defaultConfigurationName = Release;
		};
/* End XCConfigurationList section */
	};
	rootObject = BCFE1C1F2BCFB5EB00B81941 /* Project object */;
}
